
Microsoft Visual Studio Solution File, Format Version 12.00
Project("{FAE04EC0-301F-11D3-BF4B-00C04F79EFBC}") = "Send_Block-Сustom_BlockChain_Logic", "Send_Block-Сustom_BlockChain_Logic\Send_Block-Сustom_BlockChain_Logic.csproj", "{5372694B-2D47-463C-9E99-B4331BA2C4C6}"
EndProject
Global
	GlobalSection(SolutionConfigurationPlatforms) = preSolution
		Debug|Any CPU = Debug|Any CPU
		Release|Any CPU = Release|Any CPU
	EndGlobalSection
	GlobalSection(ProjectConfigurationPlatforms) = postSolution
		{5372694B-2D47-463C-9E99-B4331BA2C4C6}.Debug|Any CPU.ActiveCfg = Debug|Any CPU
		{5372694B-2D47-463C-9E99-B4331BA2C4C6}.Debug|Any CPU.Build.0 = Debug|Any CPU
		{5372694B-2D47-463C-9E99-B4331BA2C4C6}.Release|Any CPU.ActiveCfg = Release|Any CPU
		{5372694B-2D47-463C-9E99-B4331BA2C4C6}.Release|Any CPU.Build.0 = Release|Any CPU
	EndGlobalSection
EndGlobal
