
Microsoft Visual Studio Solution File, Format Version 12.00
Project("{FAE04EC0-301F-11D3-BF4B-00C04F79EFBC}") = "Smart_Contracts", "Smart_Contracts\Smart_Contracts.csproj", "{FFF83E9A-9EE5-4EC8-9B34-5CB771EC3CE2}"
EndProject
Global
	GlobalSection(SolutionConfigurationPlatforms) = preSolution
		Debug|Any CPU = Debug|Any CPU
		Release|Any CPU = Release|Any CPU
	EndGlobalSection
	GlobalSection(ProjectConfigurationPlatforms) = postSolution
		{FFF83E9A-9EE5-4EC8-9B34-5CB771EC3CE2}.Debug|Any CPU.ActiveCfg = Debug|Any CPU
		{FFF83E9A-9EE5-4EC8-9B34-5CB771EC3CE2}.Debug|Any CPU.Build.0 = Debug|Any CPU
		{FFF83E9A-9EE5-4EC8-9B34-5CB771EC3CE2}.Release|Any CPU.ActiveCfg = Release|Any CPU
		{FFF83E9A-9EE5-4EC8-9B34-5CB771EC3CE2}.Release|Any CPU.Build.0 = Release|Any CPU
	EndGlobalSection
EndGlobal
